
Microsoft Visual Studio Solution File, Format Version 12.00
# Visual Studio Version 17
VisualStudioVersion = 17.9.34622.214
MinimumVisualStudioVersion = 10.0.40219.1
Project("{FAE04EC0-301F-11D3-BF4B-00C04F79EFBC}") = "PlayersAPI", "PlayersAPI\PlayersAPI.csproj", "{0956DF87-EB98-46E1-8CFB-FE47F62B5C28}"
EndProject
Global
	GlobalSection(SolutionConfigurationPlatforms) = preSolution
		Debug|Any CPU = Debug|Any CPU
		Release|Any CPU = Release|Any CPU
	EndGlobalSection
	GlobalSection(ProjectConfigurationPlatforms) = postSolution
		{0956DF87-EB98-46E1-8CFB-FE47F62B5C28}.Debug|Any CPU.ActiveCfg = Debug|Any CPU
		{0956DF87-EB98-46E1-8CFB-FE47F62B5C28}.Debug|Any CPU.Build.0 = Debug|Any CPU
		{0956DF87-EB98-46E1-8CFB-FE47F62B5C28}.Release|Any CPU.ActiveCfg = Release|Any CPU
		{0956DF87-EB98-46E1-8CFB-FE47F62B5C28}.Release|Any CPU.Build.0 = Release|Any CPU
	EndGlobalSection
	GlobalSection(SolutionProperties) = preSolution
		HideSolutionNode = FALSE
	EndGlobalSection
	GlobalSection(ExtensibilityGlobals) = postSolution
		SolutionGuid = {AD243AEF-16C6-470D-AB72-186210B95341}
	EndGlobalSection
EndGlobal
